// !$*UTF8*$!
{
	archiveVersion = 1;
	classes = {
	};
	objectVersion = 55;
	objects = {

/* Begin PBXBuildFile section */
		86596AEE28D87DD400B6DC27 /* BeraTasar_m3App.swift in Sources */ = {isa = PBXBuildFile; fileRef = 86596AED28D87DD400B6DC27 /* BeraTasar_m3App.swift */; };
		86596AF028D87DD400B6DC27 /* ContentView.swift in Sources */ = {isa = PBXBuildFile; fileRef = 86596AEF28D87DD400B6DC27 /* ContentView.swift */; };
		86596AF228D87DD400B6DC27 /* Assets.xcassets in Resources */ = {isa = PBXBuildFile; fileRef = 86596AF128D87DD400B6DC27 /* Assets.xcassets */; };
		86596AF528D87DD400B6DC27 /* Preview Assets.xcassets in Resources */ = {isa = PBXBuildFile; fileRef = 86596AF428D87DD400B6DC27 /* Preview Assets.xcassets */; };
		86596AFF28D87DD500B6DC27 /* BeraTasar_m3Tests.swift in Sources */ = {isa = PBXBuildFile; fileRef = 86596AFE28D87DD500B6DC27 /* BeraTasar_m3Tests.swift */; };
		86596B0928D87DD500B6DC27 /* BeraTasar_m3UITests.swift in Sources */ = {isa = PBXBuildFile; fileRef = 86596B0828D87DD500B6DC27 /* BeraTasar_m3UITests.swift */; };
		86596B0B28D87DD500B6DC27 /* BeraTasar_m3UITestsLaunchTests.swift in Sources */ = {isa = PBXBuildFile; fileRef = 86596B0A28D87DD500B6DC27 /* BeraTasar_m3UITestsLaunchTests.swift */; };
/* End PBXBuildFile section */

/* Begin PBXContainerItemProxy section */
		86596AFB28D87DD500B6DC27 /* PBXContainerItemProxy */ = {
			isa = PBXContainerItemProxy;
			containerPortal = 86596AE228D87DD400B6DC27 /* Project object */;
			proxyType = 1;
			remoteGlobalIDString = 86596AE928D87DD400B6DC27;
			remoteInfo = "BeraTasarım3";
		};
		86596B0528D87DD500B6DC27 /* PBXContainerItemProxy */ = {
			isa = PBXContainerItemProxy;
			containerPortal = 86596AE228D87DD400B6DC27 /* Project object */;
			proxyType = 1;
			remoteGlobalIDString = 86596AE928D87DD400B6DC27;
			remoteInfo = "BeraTasarım3";
		};
/* End PBXContainerItemProxy section */

/* Begin PBXFileReference section */
		86596AEA28D87DD400B6DC27 /* BeraTasarım3.app */ = {isa = PBXFileReference; explicitFileType = wrapper.application; includeInIndex = 0; path = "BeraTasarım3.app"; sourceTree = BUILT_PRODUCTS_DIR; };
		86596AED28D87DD400B6DC27 /* BeraTasar_m3App.swift */ = {isa = PBXFileReference; lastKnownFileType = sourcecode.swift; path = BeraTasar_m3App.swift; sourceTree = "<group>"; };
		86596AEF28D87DD400B6DC27 /* ContentView.swift */ = {isa = PBXFileReference; lastKnownFileType = sourcecode.swift; path = ContentView.swift; sourceTree = "<group>"; };
		86596AF128D87DD400B6DC27 /* Assets.xcassets */ = {isa = PBXFileReference; lastKnownFileType = folder.assetcatalog; path = Assets.xcassets; sourceTree = "<group>"; };
		86596AF428D87DD400B6DC27 /* Preview Assets.xcassets */ = {isa = PBXFileReference; lastKnownFileType = folder.assetcatalog; path = "Preview Assets.xcassets"; sourceTree = "<group>"; };
		86596AFA28D87DD500B6DC27 /* BeraTasarım3Tests.xctest */ = {isa = PBXFileReference; explicitFileType = wrapper.cfbundle; includeInIndex = 0; path = "BeraTasarım3Tests.xctest"; sourceTree = BUILT_PRODUCTS_DIR; };
		86596AFE28D87DD500B6DC27 /* BeraTasar_m3Tests.swift */ = {isa = PBXFileReference; lastKnownFileType = sourcecode.swift; path = BeraTasar_m3Tests.swift; sourceTree = "<group>"; };
		86596B0428D87DD500B6DC27 /* BeraTasarım3UITests.xctest */ = {isa = PBXFileReference; explicitFileType = wrapper.cfbundle; includeInIndex = 0; path = "BeraTasarım3UITests.xctest"; sourceTree = BUILT_PRODUCTS_DIR; };
		86596B0828D87DD500B6DC27 /* BeraTasar_m3UITests.swift */ = {isa = PBXFileReference; lastKnownFileType = sourcecode.swift; path = BeraTasar_m3UITests.swift; sourceTree = "<group>"; };
		86596B0A28D87DD500B6DC27 /* BeraTasar_m3UITestsLaunchTests.swift */ = {isa = PBXFileReference; lastKnownFileType = sourcecode.swift; path = BeraTasar_m3UITestsLaunchTests.swift; sourceTree = "<group>"; };
/* End PBXFileReference section */

/* Begin PBXFrameworksBuildPhase section */
		86596AE728D87DD400B6DC27 /* Frameworks */ = {
			isa = PBXFrameworksBuildPhase;
			buildActionMask = 2147483647;
			files = (
			);
			runOnlyForDeploymentPostprocessing = 0;
		};
		86596AF728D87DD500B6DC27 /* Frameworks */ = {
			isa = PBXFrameworksBuildPhase;
			buildActionMask = 2147483647;
			files = (
			);
			runOnlyForDeploymentPostprocessing = 0;
		};
		86596B0128D87DD500B6DC27 /* Frameworks */ = {
			isa = PBXFrameworksBuildPhase;
			buildActionMask = 2147483647;
			files = (
			);
			runOnlyForDeploymentPostprocessing = 0;
		};
/* End PBXFrameworksBuildPhase section */

/* Begin PBXGroup section */
		86596AE128D87DD400B6DC27 = {
			isa = PBXGroup;
			children = (
				86596AEC28D87DD400B6DC27 /* BeraTasarım3 */,
				86596AFD28D87DD500B6DC27 /* BeraTasarım3Tests */,
				86596B0728D87DD500B6DC27 /* BeraTasarım3UITests */,
				86596AEB28D87DD400B6DC27 /* Products */,
			);
			sourceTree = "<group>";
		};
		86596AEB28D87DD400B6DC27 /* Products */ = {
			isa = PBXGroup;
			children = (
				86596AEA28D87DD400B6DC27 /* BeraTasarım3.app */,
				86596AFA28D87DD500B6DC27 /* BeraTasarım3Tests.xctest */,
				86596B0428D87DD500B6DC27 /* BeraTasarım3UITests.xctest */,
			);
			name = Products;
			sourceTree = "<group>";
		};
		86596AEC28D87DD400B6DC27 /* BeraTasarım3 */ = {
			isa = PBXGroup;
			children = (
				86596AED28D87DD400B6DC27 /* BeraTasar_m3App.swift */,
				86596AEF28D87DD400B6DC27 /* ContentView.swift */,
				86596AF128D87DD400B6DC27 /* Assets.xcassets */,
				86596AF328D87DD400B6DC27 /* Preview Content */,
			);
			path = "BeraTasarım3";
			sourceTree = "<group>";
		};
		86596AF328D87DD400B6DC27 /* Preview Content */ = {
			isa = PBXGroup;
			children = (
				86596AF428D87DD400B6DC27 /* Preview Assets.xcassets */,
			);
			path = "Preview Content";
			sourceTree = "<group>";
		};
		86596AFD28D87DD500B6DC27 /* BeraTasarım3Tests */ = {
			isa = PBXGroup;
			children = (
				86596AFE28D87DD500B6DC27 /* BeraTasar_m3Tests.swift */,
			);
			path = "BeraTasarım3Tests";
			sourceTree = "<group>";
		};
		86596B0728D87DD500B6DC27 /* BeraTasarım3UITests */ = {
			isa = PBXGroup;
			children = (
				86596B0828D87DD500B6DC27 /* BeraTasar_m3UITests.swift */,
				86596B0A28D87DD500B6DC27 /* BeraTasar_m3UITestsLaunchTests.swift */,
			);
			path = "BeraTasarım3UITests";
			sourceTree = "<group>";
		};
/* End PBXGroup section */

/* Begin PBXNativeTarget section */
		86596AE928D87DD400B6DC27 /* BeraTasarım3 */ = {
			isa = PBXNativeTarget;
			buildConfigurationList = 86596B0E28D87DD500B6DC27 /* Build configuration list for PBXNativeTarget "BeraTasarım3" */;
			buildPhases = (
				86596AE628D87DD400B6DC27 /* Sources */,
				86596AE728D87DD400B6DC27 /* Frameworks */,
				86596AE828D87DD400B6DC27 /* Resources */,
			);
			buildRules = (
			);
			dependencies = (
			);
			name = "BeraTasarım3";
			productName = "BeraTasarım3";
			productReference = 86596AEA28D87DD400B6DC27 /* BeraTasarım3.app */;
			productType = "com.apple.product-type.application";
		};
		86596AF928D87DD500B6DC27 /* BeraTasarım3Tests */ = {
			isa = PBXNativeTarget;
			buildConfigurationList = 86596B1128D87DD500B6DC27 /* Build configuration list for PBXNativeTarget "BeraTasarım3Tests" */;
			buildPhases = (
				86596AF628D87DD500B6DC27 /* Sources */,
				86596AF728D87DD500B6DC27 /* Frameworks */,
				86596AF828D87DD500B6DC27 /* Resources */,
			);
			buildRules = (
			);
			dependencies = (
				86596AFC28D87DD500B6DC27 /* PBXTargetDependency */,
			);
			name = "BeraTasarım3Tests";
			productName = "BeraTasarım3Tests";
			productReference = 86596AFA28D87DD500B6DC27 /* BeraTasarım3Tests.xctest */;
			productType = "com.apple.product-type.bundle.unit-test";
		};
		86596B0328D87DD500B6DC27 /* BeraTasarım3UITests */ = {
			isa = PBXNativeTarget;
			buildConfigurationList = 86596B1428D87DD500B6DC27 /* Build configuration list for PBXNativeTarget "BeraTasarım3UITests" */;
			buildPhases = (
				86596B0028D87DD500B6DC27 /* Sources */,
				86596B0128D87DD500B6DC27 /* Frameworks */,
				86596B0228D87DD500B6DC27 /* Resources */,
			);
			buildRules = (
			);
			dependencies = (
				86596B0628D87DD500B6DC27 /* PBXTargetDependency */,
			);
			name = "BeraTasarım3UITests";
			productName = "BeraTasarım3UITests";
			productReference = 86596B0428D87DD500B6DC27 /* BeraTasarım3UITests.xctest */;
			productType = "com.apple.product-type.bundle.ui-testing";
		};
/* End PBXNativeTarget section */

/* Begin PBXProject section */
		86596AE228D87DD400B6DC27 /* Project object */ = {
			isa = PBXProject;
			attributes = {
				BuildIndependentTargetsInParallel = 1;
				LastSwiftUpdateCheck = 1340;
				LastUpgradeCheck = 1340;
				TargetAttributes = {
					86596AE928D87DD400B6DC27 = {
						CreatedOnToolsVersion = 13.4.1;
					};
					86596AF928D87DD500B6DC27 = {
						CreatedOnToolsVersion = 13.4.1;
						TestTargetID = 86596AE928D87DD400B6DC27;
					};
					86596B0328D87DD500B6DC27 = {
						CreatedOnToolsVersion = 13.4.1;
						TestTargetID = 86596AE928D87DD400B6DC27;
					};
				};
			};
			buildConfigurationList = 86596AE528D87DD400B6DC27 /* Build configuration list for PBXProject "BeraTasarım3" */;
			compatibilityVersion = "Xcode 13.0";
			developmentRegion = en;
			hasScannedForEncodings = 0;
			knownRegions = (
				en,
				Base,
			);
			mainGroup = 86596AE128D87DD400B6DC27;
			productRefGroup = 86596AEB28D87DD400B6DC27 /* Products */;
			projectDirPath = "";
			projectRoot = "";
			targets = (
				86596AE928D87DD400B6DC27 /* BeraTasarım3 */,
				86596AF928D87DD500B6DC27 /* BeraTasarım3Tests */,
				86596B0328D87DD500B6DC27 /* BeraTasarım3UITests */,
			);
		};
/* End PBXProject section */

/* Begin PBXResourcesBuildPhase section */
		86596AE828D87DD400B6DC27 /* Resources */ = {
			isa = PBXResourcesBuildPhase;
			buildActionMask = 2147483647;
			files = (
				86596AF528D87DD400B6DC27 /* Preview Assets.xcassets in Resources */,
				86596AF228D87DD400B6DC27 /* Assets.xcassets in Resources */,
			);
			runOnlyForDeploymentPostprocessing = 0;
		};
		86596AF828D87DD500B6DC27 /* Resources */ = {
			isa = PBXResourcesBuildPhase;
			buildActionMask = 2147483647;
			files = (
			);
			runOnlyForDeploymentPostprocessing = 0;
		};
		86596B0228D87DD500B6DC27 /* Resources */ = {
			isa = PBXResourcesBuildPhase;
			buildActionMask = 2147483647;
			files = (
			);
			runOnlyForDeploymentPostprocessing = 0;
		};
/* End PBXResourcesBuildPhase section */

/* Begin PBXSourcesBuildPhase section */
		86596AE628D87DD400B6DC27 /* Sources */ = {
			isa = PBXSourcesBuildPhase;
			buildActionMask = 2147483647;
			files = (
				86596AF028D87DD400B6DC27 /* ContentView.swift in Sources */,
				86596AEE28D87DD400B6DC27 /* BeraTasar_m3App.swift in Sources */,
			);
			runOnlyForDeploymentPostprocessing = 0;
		};
		86596AF628D87DD500B6DC27 /* Sources */ = {
			isa = PBXSourcesBuildPhase;
			buildActionMask = 2147483647;
			files = (
				86596AFF28D87DD500B6DC27 /* BeraTasar_m3Tests.swift in Sources */,
			);
			runOnlyForDeploymentPostprocessing = 0;
		};
		86596B0028D87DD500B6DC27 /* Sources */ = {
			isa = PBXSourcesBuildPhase;
			buildActionMask = 2147483647;
			files = (
				86596B0B28D87DD500B6DC27 /* BeraTasar_m3UITestsLaunchTests.swift in Sources */,
				86596B0928D87DD500B6DC27 /* BeraTasar_m3UITests.swift in Sources */,
			);
			runOnlyForDeploymentPostprocessing = 0;
		};
/* End PBXSourcesBuildPhase section */

/* Begin PBXTargetDependency section */
		86596AFC28D87DD500B6DC27 /* PBXTargetDependency */ = {
			isa = PBXTargetDependency;
			target = 86596AE928D87DD400B6DC27 /* BeraTasarım3 */;
			targetProxy = 86596AFB28D87DD500B6DC27 /* PBXContainerItemProxy */;
		};
		86596B0628D87DD500B6DC27 /* PBXTargetDependency */ = {
			isa = PBXTargetDependency;
			target = 86596AE928D87DD400B6DC27 /* BeraTasarım3 */;
			targetProxy = 86596B0528D87DD500B6DC27 /* PBXContainerItemProxy */;
		};
/* End PBXTargetDependency section */

/* Begin XCBuildConfiguration section */
		86596B0C28D87DD500B6DC27 /* Debug */ = {
			isa = XCBuildConfiguration;
			buildSettings = {
				ALWAYS_SEARCH_USER_PATHS = NO;
				CLANG_ANALYZER_NONNULL = YES;
				CLANG_ANALYZER_NUMBER_OBJECT_CONVERSION = YES_AGGRESSIVE;
				CLANG_CXX_LANGUAGE_STANDARD = "gnu++17";
				CLANG_ENABLE_MODULES = YES;
				CLANG_ENABLE_OBJC_ARC = YES;
				CLANG_ENABLE_OBJC_WEAK = YES;
				CLANG_WARN_BLOCK_CAPTURE_AUTORELEASING = YES;
				CLANG_WARN_BOOL_CONVERSION = YES;
				CLANG_WARN_COMMA = YES;
				CLANG_WARN_CONSTANT_CONVERSION = YES;
				CLANG_WARN_DEPRECATED_OBJC_IMPLEMENTATIONS = YES;
				CLANG_WARN_DIRECT_OBJC_ISA_USAGE = YES_ERROR;
				CLANG_WARN_DOCUMENTATION_COMMENTS = YES;
				CLANG_WARN_EMPTY_BODY = YES;
				CLANG_WARN_ENUM_CONVERSION = YES;
				CLANG_WARN_INFINITE_RECURSION = YES;
				CLANG_WARN_INT_CONVERSION = YES;
				CLANG_WARN_NON_LITERAL_NULL_CONVERSION = YES;
				CLANG_WARN_OBJC_IMPLICIT_RETAIN_SELF = YES;
				CLANG_WARN_OBJC_LITERAL_CONVERSION = YES;
				CLANG_WARN_OBJC_ROOT_CLASS = YES_ERROR;
				CLANG_WARN_QUOTED_INCLUDE_IN_FRAMEWORK_HEADER = YES;
				CLANG_WARN_RANGE_LOOP_ANALYSIS = YES;
				CLANG_WARN_STRICT_PROTOTYPES = YES;
				CLANG_WARN_SUSPICIOUS_MOVE = YES;
				CLANG_WARN_UNGUARDED_AVAILABILITY = YES_AGGRESSIVE;
				CLANG_WARN_UNREACHABLE_CODE = YES;
				CLANG_WARN__DUPLICATE_METHOD_MATCH = YES;
				COPY_PHASE_STRIP = NO;
				DEBUG_INFORMATION_FORMAT = dwarf;
				ENABLE_STRICT_OBJC_MSGSEND = YES;
				ENABLE_TESTABILITY = YES;
				GCC_C_LANGUAGE_STANDARD = gnu11;
				GCC_DYNAMIC_NO_PIC = NO;
				GCC_NO_COMMON_BLOCKS = YES;
				GCC_OPTIMIZATION_LEVEL = 0;
				GCC_PREPROCESSOR_DEFINITIONS = (
					"DEBUG=1",
					"$(inherited)",
				);
				GCC_WARN_64_TO_32_BIT_CONVERSION = YES;
				GCC_WARN_ABOUT_RETURN_TYPE = YES_ERROR;
				GCC_WARN_UNDECLARED_SELECTOR = YES;
				GCC_WARN_UNINITIALIZED_AUTOS = YES_AGGRESSIVE;
				GCC_WARN_UNUSED_FUNCTION = YES;
				GCC_WARN_UNUSED_VARIABLE = YES;
				IPHONEOS_DEPLOYMENT_TARGET = 15.5;
				MTL_ENABLE_DEBUG_INFO = INCLUDE_SOURCE;
				MTL_FAST_MATH = YES;
				ONLY_ACTIVE_ARCH = YES;
				SDKROOT = iphoneos;
				SWIFT_ACTIVE_COMPILATION_CONDITIONS = DEBUG;
				SWIFT_OPTIMIZATION_LEVEL = "-Onone";
			};
			name = Debug;
		};
		86596B0D28D87DD500B6DC27 /* Release */ = {
			isa = XCBuildConfiguration;
			buildSettings = {
				ALWAYS_SEARCH_USER_PATHS = NO;
				CLANG_ANALYZER_NONNULL = YES;
				CLANG_ANALYZER_NUMBER_OBJECT_CONVERSION = YES_AGGRESSIVE;
				CLANG_CXX_LANGUAGE_STANDARD = "gnu++17";
				CLANG_ENABLE_MODULES = YES;
				CLANG_ENABLE_OBJC_ARC = YES;
				CLANG_ENABLE_OBJC_WEAK = YES;
				CLANG_WARN_BLOCK_CAPTURE_AUTORELEASING = YES;
				CLANG_WARN_BOOL_CONVERSION = YES;
				CLANG_WARN_COMMA = YES;
				CLANG_WARN_CONSTANT_CONVERSION = YES;
				CLANG_WARN_DEPRECATED_OBJC_IMPLEMENTATIONS = YES;
				CLANG_WARN_DIRECT_OBJC_ISA_USAGE = YES_ERROR;
				CLANG_WARN_DOCUMENTATION_COMMENTS = YES;
				CLANG_WARN_EMPTY_BODY = YES;
				CLANG_WARN_ENUM_CONVERSION = YES;
				CLANG_WARN_INFINITE_RECURSION = YES;
				CLANG_WARN_INT_CONVERSION = YES;
				CLANG_WARN_NON_LITERAL_NULL_CONVERSION = YES;
				CLANG_WARN_OBJC_IMPLICIT_RETAIN_SELF = YES;
				CLANG_WARN_OBJC_LITERAL_CONVERSION = YES;
				CLANG_WARN_OBJC_ROOT_CLASS = YES_ERROR;
				CLANG_WARN_QUOTED_INCLUDE_IN_FRAMEWORK_HEADER = YES;
				CLANG_WARN_RANGE_LOOP_ANALYSIS = YES;
				CLANG_WARN_STRICT_PROTOTYPES = YES;
				CLANG_WARN_SUSPICIOUS_MOVE = YES;
				CLANG_WARN_UNGUARDED_AVAILABILITY = YES_AGGRESSIVE;
				CLANG_WARN_UNREACHABLE_CODE = YES;
				CLANG_WARN__DUPLICATE_METHOD_MATCH = YES;
				COPY_PHASE_STRIP = NO;
				DEBUG_INFORMATION_FORMAT = "dwarf-with-dsym";
				ENABLE_NS_ASSERTIONS = NO;
				ENABLE_STRICT_OBJC_MSGSEND = YES;
				GCC_C_LANGUAGE_STANDARD = gnu11;
				GCC_NO_COMMON_BLOCKS = YES;
				GCC_WARN_64_TO_32_BIT_CONVERSION = YES;
				GCC_WARN_ABOUT_RETURN_TYPE = YES_ERROR;
				GCC_WARN_UNDECLARED_SELECTOR = YES;
				GCC_WARN_UNINITIALIZED_AUTOS = YES_AGGRESSIVE;
				GCC_WARN_UNUSED_FUNCTION = YES;
				GCC_WARN_UNUSED_VARIABLE = YES;
				IPHONEOS_DEPLOYMENT_TARGET = 15.5;
				MTL_ENABLE_DEBUG_INFO = NO;
				MTL_FAST_MATH = YES;
				SDKROOT = iphoneos;
				SWIFT_COMPILATION_MODE = wholemodule;
				SWIFT_OPTIMIZATION_LEVEL = "-O";
				VALIDATE_PRODUCT = YES;
			};
			name = Release;
		};
		86596B0F28D87DD500B6DC27 /* Debug */ = {
			isa = XCBuildConfiguration;
			buildSettings = {
				ASSETCATALOG_COMPILER_APPICON_NAME = AppIcon;
				ASSETCATALOG_COMPILER_GLOBAL_ACCENT_COLOR_NAME = AccentColor;
				CODE_SIGN_STYLE = Automatic;
				CURRENT_PROJECT_VERSION = 1;
				DEVELOPMENT_ASSET_PATHS = "\"BeraTasarım3/Preview Content\"";
				DEVELOPMENT_TEAM = TCM282M2P3;
				ENABLE_PREVIEWS = YES;
				GENERATE_INFOPLIST_FILE = YES;
				INFOPLIST_KEY_UIApplicationSceneManifest_Generation = YES;
				INFOPLIST_KEY_UIApplicationSupportsIndirectInputEvents = YES;
				INFOPLIST_KEY_UILaunchScreen_Generation = YES;
				INFOPLIST_KEY_UISupportedInterfaceOrientations_iPad = "UIInterfaceOrientationPortrait UIInterfaceOrientationPortraitUpsideDown UIInterfaceOrientationLandscapeLeft UIInterfaceOrientationLandscapeRight";
				INFOPLIST_KEY_UISupportedInterfaceOrientations_iPhone = "UIInterfaceOrientationPortrait UIInterfaceOrientationLandscapeLeft UIInterfaceOrientationLandscapeRight";
				LD_RUNPATH_SEARCH_PATHS = (
					"$(inherited)",
					"@executable_path/Frameworks",
				);
				MARKETING_VERSION = 1.0;
				PRODUCT_BUNDLE_IDENTIFIER = "info.BeraTasar-m3";
				PRODUCT_NAME = "$(TARGET_NAME)";
				SWIFT_EMIT_LOC_STRINGS = YES;
				SWIFT_VERSION = 5.0;
				TARGETED_DEVICE_FAMILY = "1,2";
			};
			name = Debug;
		};
		86596B1028D87DD500B6DC27 /* Release */ = {
			isa = XCBuildConfiguration;
			buildSettings = {
				ASSETCATALOG_COMPILER_APPICON_NAME = AppIcon;
				ASSETCATALOG_COMPILER_GLOBAL_ACCENT_COLOR_NAME = AccentColor;
				CODE_SIGN_STYLE = Automatic;
				CURRENT_PROJECT_VERSION = 1;
				DEVELOPMENT_ASSET_PATHS = "\"BeraTasarım3/Preview Content\"";
				DEVELOPMENT_TEAM = TCM282M2P3;
				ENABLE_PREVIEWS = YES;
				GENERATE_INFOPLIST_FILE = YES;
				INFOPLIST_KEY_UIApplicationSceneManifest_Generation = YES;
				INFOPLIST_KEY_UIApplicationSupportsIndirectInputEvents = YES;
				INFOPLIST_KEY_UILaunchScreen_Generation = YES;
				INFOPLIST_KEY_UISupportedInterfaceOrientations_iPad = "UIInterfaceOrientationPortrait UIInterfaceOrientationPortraitUpsideDown UIInterfaceOrientationLandscapeLeft UIInterfaceOrientationLandscapeRight";
				INFOPLIST_KEY_UISupportedInterfaceOrientations_iPhone = "UIInterfaceOrientationPortrait UIInterfaceOrientationLandscapeLeft UIInterfaceOrientationLandscapeRight";
				LD_RUNPATH_SEARCH_PATHS = (
					"$(inherited)",
					"@executable_path/Frameworks",
				);
				MARKETING_VERSION = 1.0;
				PRODUCT_BUNDLE_IDENTIFIER = "info.BeraTasar-m3";
				PRODUCT_NAME = "$(TARGET_NAME)";
				SWIFT_EMIT_LOC_STRINGS = YES;
				SWIFT_VERSION = 5.0;
				TARGETED_DEVICE_FAMILY = "1,2";
			};
			name = Release;
		};
		86596B1228D87DD500B6DC27 /* Debug */ = {
			isa = XCBuildConfiguration;
			buildSettings = {
				ALWAYS_EMBED_SWIFT_STANDARD_LIBRARIES = YES;
				BUNDLE_LOADER = "$(TEST_HOST)";
				CODE_SIGN_STYLE = Automatic;
				CURRENT_PROJECT_VERSION = 1;
				DEVELOPMENT_TEAM = TCM282M2P3;
				GENERATE_INFOPLIST_FILE = YES;
				IPHONEOS_DEPLOYMENT_TARGET = 15.5;
				MARKETING_VERSION = 1.0;
				PRODUCT_BUNDLE_IDENTIFIER = "info.BeraTasar-m3Tests";
				PRODUCT_NAME = "$(TARGET_NAME)";
				SWIFT_EMIT_LOC_STRINGS = NO;
				SWIFT_VERSION = 5.0;
				TARGETED_DEVICE_FAMILY = "1,2";
				TEST_HOST = "$(BUILT_PRODUCTS_DIR)/BeraTasarım3.app/BeraTasarım3";
			};
			name = Debug;
		};
		86596B1328D87DD500B6DC27 /* Release */ = {
			isa = XCBuildConfiguration;
			buildSettings = {
				ALWAYS_EMBED_SWIFT_STANDARD_LIBRARIES = YES;
				BUNDLE_LOADER = "$(TEST_HOST)";
				CODE_SIGN_STYLE = Automatic;
				CURRENT_PROJECT_VERSION = 1;
				DEVELOPMENT_TEAM = TCM282M2P3;
				GENERATE_INFOPLIST_FILE = YES;
				IPHONEOS_DEPLOYMENT_TARGET = 15.5;
				MARKETING_VERSION = 1.0;
				PRODUCT_BUNDLE_IDENTIFIER = "info.BeraTasar-m3Tests";
				PRODUCT_NAME = "$(TARGET_NAME)";
				SWIFT_EMIT_LOC_STRINGS = NO;
				SWIFT_VERSION = 5.0;
				TARGETED_DEVICE_FAMILY = "1,2";
				TEST_HOST = "$(BUILT_PRODUCTS_DIR)/BeraTasarım3.app/BeraTasarım3";
			};
			name = Release;
		};
		86596B1528D87DD500B6DC27 /* Debug */ = {
			isa = XCBuildConfiguration;
			buildSettings = {
				ALWAYS_EMBED_SWIFT_STANDARD_LIBRARIES = YES;
				CODE_SIGN_STYLE = Automatic;
				CURRENT_PROJECT_VERSION = 1;
				DEVELOPMENT_TEAM = TCM282M2P3;
				GENERATE_INFOPLIST_FILE = YES;
				MARKETING_VERSION = 1.0;
				PRODUCT_BUNDLE_IDENTIFIER = "info.BeraTasar-m3UITests";
				PRODUCT_NAME = "$(TARGET_NAME)";
				SWIFT_EMIT_LOC_STRINGS = NO;
				SWIFT_VERSION = 5.0;
				TARGETED_DEVICE_FAMILY = "1,2";
				TEST_TARGET_NAME = "BeraTasarım3";
			};
			name = Debug;
		};
		86596B1628D87DD500B6DC27 /* Release */ = {
			isa = XCBuildConfiguration;
			buildSettings = {
				ALWAYS_EMBED_SWIFT_STANDARD_LIBRARIES = YES;
				CODE_SIGN_STYLE = Automatic;
				CURRENT_PROJECT_VERSION = 1;
				DEVELOPMENT_TEAM = TCM282M2P3;
				GENERATE_INFOPLIST_FILE = YES;
				MARKETING_VERSION = 1.0;
				PRODUCT_BUNDLE_IDENTIFIER = "info.BeraTasar-m3UITests";
				PRODUCT_NAME = "$(TARGET_NAME)";
				SWIFT_EMIT_LOC_STRINGS = NO;
				SWIFT_VERSION = 5.0;
				TARGETED_DEVICE_FAMILY = "1,2";
				TEST_TARGET_NAME = "BeraTasarım3";
			};
			name = Release;
		};
/* End XCBuildConfiguration section */

/* Begin XCConfigurationList section */
		86596AE528D87DD400B6DC27 /* Build configuration list for PBXProject "BeraTasarım3" */ = {
			isa = XCConfigurationList;
			buildConfigurations = (
				86596B0C28D87DD500B6DC27 /* Debug */,
				86596B0D28D87DD500B6DC27 /* Release */,
			);
			defaultConfigurationIsVisible = 0;
			defaultConfigurationName = Release;
		};
		86596B0E28D87DD500B6DC27 /* Build configuration list for PBXNativeTarget "BeraTasarım3" */ = {
			isa = XCConfigurationList;
			buildConfigurations = (
				86596B0F28D87DD500B6DC27 /* Debug */,
				86596B1028D87DD500B6DC27 /* Release */,
			);
			defaultConfigurationIsVisible = 0;
			defaultConfigurationName = Release;
		};
		86596B1128D87DD500B6DC27 /* Build configuration list for PBXNativeTarget "BeraTasarım3Tests" */ = {
			isa = XCConfigurationList;
			buildConfigurations = (
				86596B1228D87DD500B6DC27 /* Debug */,
				86596B1328D87DD500B6DC27 /* Release */,
			);
			defaultConfigurationIsVisible = 0;
			defaultConfigurationName = Release;
		};
		86596B1428D87DD500B6DC27 /* Build configuration list for PBXNativeTarget "BeraTasarım3UITests" */ = {
			isa = XCConfigurationList;
			buildConfigurations = (
				86596B1528D87DD500B6DC27 /* Debug */,
				86596B1628D87DD500B6DC27 /* Release */,
			);
			defaultConfigurationIsVisible = 0;
			defaultConfigurationName = Release;
		};
/* End XCConfigurationList section */
	};
	rootObject = 86596AE228D87DD400B6DC27 /* Project object */;
}
